
Microsoft Visual Studio Solution File, Format Version 12.00
# Visual Studio Version 16
VisualStudioVersion = 16.0.28803.452
MinimumVisualStudioVersion = 10.0.40219.1
Project("{FAE04EC0-301F-11D3-BF4B-00C04F79EFBC}") = "WebService1", "WebService1\WebService1.csproj", "{C8F740FC-FDB4-4C81-A344-50BA55728EFC}"
EndProject
Project("{FAE04EC0-301F-11D3-BF4B-00C04F79EFBC}") = "OGateway", "OGateway\OGateway.csproj", "{BC814DFD-A5C7-45AC-9C0F-8C98F177174A}"
EndProject
Project("{9A19103F-16F7-4668-BE54-9A1E7A4F7556}") = "LoginDemo", "..\LoginDemo\LoginDemo\LoginDemo.csproj", "{0461309E-51F2-47A9-B833-F409FB328D19}"
EndProject
Global
	GlobalSection(SolutionConfigurationPlatforms) = preSolution
		Debug|Any CPU = Debug|Any CPU
		Release|Any CPU = Release|Any CPU
	EndGlobalSection
	GlobalSection(ProjectConfigurationPlatforms) = postSolution
		{C8F740FC-FDB4-4C81-A344-50BA55728EFC}.Debug|Any CPU.ActiveCfg = Debug|Any CPU
		{C8F740FC-FDB4-4C81-A344-50BA55728EFC}.Debug|Any CPU.Build.0 = Debug|Any CPU
		{C8F740FC-FDB4-4C81-A344-50BA55728EFC}.Release|Any CPU.ActiveCfg = Release|Any CPU
		{C8F740FC-FDB4-4C81-A344-50BA55728EFC}.Release|Any CPU.Build.0 = Release|Any CPU
		{BC814DFD-A5C7-45AC-9C0F-8C98F177174A}.Debug|Any CPU.ActiveCfg = Debug|Any CPU
		{BC814DFD-A5C7-45AC-9C0F-8C98F177174A}.Debug|Any CPU.Build.0 = Debug|Any CPU
		{BC814DFD-A5C7-45AC-9C0F-8C98F177174A}.Release|Any CPU.ActiveCfg = Release|Any CPU
		{BC814DFD-A5C7-45AC-9C0F-8C98F177174A}.Release|Any CPU.Build.0 = Release|Any CPU
		{0461309E-51F2-47A9-B833-F409FB328D19}.Debug|Any CPU.ActiveCfg = Debug|Any CPU
		{0461309E-51F2-47A9-B833-F409FB328D19}.Debug|Any CPU.Build.0 = Debug|Any CPU
		{0461309E-51F2-47A9-B833-F409FB328D19}.Release|Any CPU.ActiveCfg = Release|Any CPU
		{0461309E-51F2-47A9-B833-F409FB328D19}.Release|Any CPU.Build.0 = Release|Any CPU
	EndGlobalSection
	GlobalSection(SolutionProperties) = preSolution
		HideSolutionNode = FALSE
	EndGlobalSection
	GlobalSection(ExtensibilityGlobals) = postSolution
		SolutionGuid = {977D8F00-EBC7-4A07-A160-22B499FAAC75}
	EndGlobalSection
EndGlobal
